// !$*UTF8*$!
{
	archiveVersion = 1;
	classes = {
	};
	objectVersion = 50;
	objects = {

/* Begin PBXBuildFile section */
		7F537CD9228BF81000BD78E6 /* level2.txt in Resources */ = {isa = PBXBuildFile; fileRef = 7F537CD7228BF80F00BD78E6 /* level2.txt */; };
		7F537CDA228BF81000BD78E6 /* level1.txt in Resources */ = {isa = PBXBuildFile; fileRef = 7F537CD8228BF81000BD78E6 /* level1.txt */; };
		7FADEAFB228AF10D009C0A4F /* AppDelegate.swift in Sources */ = {isa = PBXBuildFile; fileRef = 7FADEAFA228AF10D009C0A4F /* AppDelegate.swift */; };
		7FADEAFD228AF10D009C0A4F /* ViewController.swift in Sources */ = {isa = PBXBuildFile; fileRef = 7FADEAFC228AF10D009C0A4F /* ViewController.swift */; };
		7FADEB00228AF10D009C0A4F /* Main.storyboard in Resources */ = {isa = PBXBuildFile; fileRef = 7FADEAFE228AF10D009C0A4F /* Main.storyboard */; };
		7FADEB02228AF10F009C0A4F /* Assets.xcassets in Resources */ = {isa = PBXBuildFile; fileRef = 7FADEB01228AF10F009C0A4F /* Assets.xcassets */; };
		7FADEB05228AF10F009C0A4F /* LaunchScreen.storyboard in Resources */ = {isa = PBXBuildFile; fileRef = 7FADEB03228AF10F009C0A4F /* LaunchScreen.storyboard */; };
/* End PBXBuildFile section */

/* Begin PBXFileReference section */
		7F537CD7228BF80F00BD78E6 /* level2.txt */ = {isa = PBXFileReference; fileEncoding = 4; lastKnownFileType = text; path = level2.txt; sourceTree = "<group>"; };
		7F537CD8228BF81000BD78E6 /* level1.txt */ = {isa = PBXFileReference; fileEncoding = 4; lastKnownFileType = text; path = level1.txt; sourceTree = "<group>"; };
		7FADEAF7228AF10D009C0A4F /* 36-38_swifty_words.app */ = {isa = PBXFileReference; explicitFileType = wrapper.application; includeInIndex = 0; path = "36-38_swifty_words.app"; sourceTree = BUILT_PRODUCTS_DIR; };
		7FADEAFA228AF10D009C0A4F /* AppDelegate.swift */ = {isa = PBXFileReference; lastKnownFileType = sourcecode.swift; path = AppDelegate.swift; sourceTree = "<group>"; };
		7FADEAFC228AF10D009C0A4F /* ViewController.swift */ = {isa = PBXFileReference; lastKnownFileType = sourcecode.swift; path = ViewController.swift; sourceTree = "<group>"; };
		7FADEAFF228AF10D009C0A4F /* Base */ = {isa = PBXFileReference; lastKnownFileType = file.storyboard; name = Base; path = Base.lproj/Main.storyboard; sourceTree = "<group>"; };
		7FADEB01228AF10F009C0A4F /* Assets.xcassets */ = {isa = PBXFileReference; lastKnownFileType = folder.assetcatalog; path = Assets.xcassets; sourceTree = "<group>"; };
		7FADEB04228AF10F009C0A4F /* Base */ = {isa = PBXFileReference; lastKnownFileType = file.storyboard; name = Base; path = Base.lproj/LaunchScreen.storyboard; sourceTree = "<group>"; };
		7FADEB06228AF10F009C0A4F /* Info.plist */ = {isa = PBXFileReference; lastKnownFileType = text.plist.xml; path = Info.plist; sourceTree = "<group>"; };
/* End PBXFileReference section */

/* Begin PBXFrameworksBuildPhase section */
		7FADEAF4228AF10D009C0A4F /* Frameworks */ = {
			isa = PBXFrameworksBuildPhase;
			buildActionMask = 2147483647;
			files = (
			);
			runOnlyForDeploymentPostprocessing = 0;
		};
/* End PBXFrameworksBuildPhase section */

/* Begin PBXGroup section */
		7FADEAEE228AF10D009C0A4F = {
			isa = PBXGroup;
			children = (
				7FADEAF9228AF10D009C0A4F /* 36-38_swifty_words */,
				7FADEAF8228AF10D009C0A4F /* Products */,
			);
			sourceTree = "<group>";
		};
		7FADEAF8228AF10D009C0A4F /* Products */ = {
			isa = PBXGroup;
			children = (
				7FADEAF7228AF10D009C0A4F /* 36-38_swifty_words.app */,
			);
			name = Products;
			sourceTree = "<group>";
		};
		7FADEAF9228AF10D009C0A4F /* 36-38_swifty_words */ = {
			isa = PBXGroup;
			children = (
				7FADEAFA228AF10D009C0A4F /* AppDelegate.swift */,
				7FADEAFC228AF10D009C0A4F /* ViewController.swift */,
				7FADEAFE228AF10D009C0A4F /* Main.storyboard */,
				7FADEB01228AF10F009C0A4F /* Assets.xcassets */,
				7FADEB03228AF10F009C0A4F /* LaunchScreen.storyboard */,
				7FADEB06228AF10F009C0A4F /* Info.plist */,
				7F537CD8228BF81000BD78E6 /* level1.txt */,
				7F537CD7228BF80F00BD78E6 /* level2.txt */,
			);
			path = "36-38_swifty_words";
			sourceTree = "<group>";
		};
/* End PBXGroup section */

/* Begin PBXNativeTarget section */
		7FADEAF6228AF10D009C0A4F /* 36-38_swifty_words */ = {
			isa = PBXNativeTarget;
			buildConfigurationList = 7FADEB09228AF10F009C0A4F /* Build configuration list for PBXNativeTarget "36-38_swifty_words" */;
			buildPhases = (
				7FADEAF3228AF10D009C0A4F /* Sources */,
				7FADEAF4228AF10D009C0A4F /* Frameworks */,
				7FADEAF5228AF10D009C0A4F /* Resources */,
			);
			buildRules = (
			);
			dependencies = (
			);
			name = "36-38_swifty_words";
			productName = "36-38_swifty_words";
			productReference = 7FADEAF7228AF10D009C0A4F /* 36-38_swifty_words.app */;
			productType = "com.apple.product-type.application";
		};
/* End PBXNativeTarget section */

/* Begin PBXProject section */
		7FADEAEF228AF10D009C0A4F /* Project object */ = {
			isa = PBXProject;
			attributes = {
				LastSwiftUpdateCheck = 1020;
				LastUpgradeCheck = 1020;
				ORGANIZATIONNAME = egmars.janis.timma;
				TargetAttributes = {
					7FADEAF6228AF10D009C0A4F = {
						CreatedOnToolsVersion = 10.2;
					};
				};
			};
			buildConfigurationList = 7FADEAF2228AF10D009C0A4F /* Build configuration list for PBXProject "36-38_swifty_words" */;
			compatibilityVersion = "Xcode 9.3";
			developmentRegion = en;
			hasScannedForEncodings = 0;
			knownRegions = (
				en,
				Base,
			);
			mainGroup = 7FADEAEE228AF10D009C0A4F;
			productRefGroup = 7FADEAF8228AF10D009C0A4F /* Products */;
			projectDirPath = "";
			projectRoot = "";
			targets = (
				7FADEAF6228AF10D009C0A4F /* 36-38_swifty_words */,
			);
		};
/* End PBXProject section */

/* Begin PBXResourcesBuildPhase section */
		7FADEAF5228AF10D009C0A4F /* Resources */ = {
			isa = PBXResourcesBuildPhase;
			buildActionMask = 2147483647;
			files = (
				7F537CDA228BF81000BD78E6 /* level1.txt in Resources */,
				7FADEB05228AF10F009C0A4F /* LaunchScreen.storyboard in Resources */,
				7FADEB02228AF10F009C0A4F /* Assets.xcassets in Resources */,
				7F537CD9228BF81000BD78E6 /* level2.txt in Resources */,
				7FADEB00228AF10D009C0A4F /* Main.storyboard in Resources */,
			);
			runOnlyForDeploymentPostprocessing = 0;
		};
/* End PBXResourcesBuildPhase section */

/* Begin PBXSourcesBuildPhase section */
		7FADEAF3228AF10D009C0A4F /* Sources */ = {
			isa = PBXSourcesBuildPhase;
			buildActionMask = 2147483647;
			files = (
				7FADEAFD228AF10D009C0A4F /* ViewController.swift in Sources */,
				7FADEAFB228AF10D009C0A4F /* AppDelegate.swift in Sources */,
			);
			runOnlyForDeploymentPostprocessing = 0;
		};
/* End PBXSourcesBuildPhase section */

/* Begin PBXVariantGroup section */
		7FADEAFE228AF10D009C0A4F /* Main.storyboard */ = {
			isa = PBXVariantGroup;
			children = (
				7FADEAFF228AF10D009C0A4F /* Base */,
			);
			name = Main.storyboard;
			sourceTree = "<group>";
		};
		7FADEB03228AF10F009C0A4F /* LaunchScreen.storyboard */ = {
			isa = PBXVariantGroup;
			children = (
				7FADEB04228AF10F009C0A4F /* Base */,
			);
			name = LaunchScreen.storyboard;
			sourceTree = "<group>";
		};
/* End PBXVariantGroup section */

/* Begin XCBuildConfiguration section */
		7FADEB07228AF10F009C0A4F /* Debug */ = {
			isa = XCBuildConfiguration;
			buildSettings = {
				ALWAYS_SEARCH_USER_PATHS = NO;
				CLANG_ANALYZER_NONNULL = YES;
				CLANG_ANALYZER_NUMBER_OBJECT_CONVERSION = YES_AGGRESSIVE;
				CLANG_CXX_LANGUAGE_STANDARD = "gnu++14";
				CLANG_CXX_LIBRARY = "libc++";
				CLANG_ENABLE_MODULES = YES;
				CLANG_ENABLE_OBJC_ARC = YES;
				CLANG_ENABLE_OBJC_WEAK = YES;
				CLANG_WARN_BLOCK_CAPTURE_AUTORELEASING = YES;
				CLANG_WARN_BOOL_CONVERSION = YES;
				CLANG_WARN_COMMA = YES;
				CLANG_WARN_CONSTANT_CONVERSION = YES;
				CLANG_WARN_DEPRECATED_OBJC_IMPLEMENTATIONS = YES;
				CLANG_WARN_DIRECT_OBJC_ISA_USAGE = YES_ERROR;
				CLANG_WARN_DOCUMENTATION_COMMENTS = YES;
				CLANG_WARN_EMPTY_BODY = YES;
				CLANG_WARN_ENUM_CONVERSION = YES;
				CLANG_WARN_INFINITE_RECURSION = YES;
				CLANG_WARN_INT_CONVERSION = YES;
				CLANG_WARN_NON_LITERAL_NULL_CONVERSION = YES;
				CLANG_WARN_OBJC_IMPLICIT_RETAIN_SELF = YES;
				CLANG_WARN_OBJC_LITERAL_CONVERSION = YES;
				CLANG_WARN_OBJC_ROOT_CLASS = YES_ERROR;
				CLANG_WARN_RANGE_LOOP_ANALYSIS = YES;
				CLANG_WARN_STRICT_PROTOTYPES = YES;
				CLANG_WARN_SUSPICIOUS_MOVE = YES;
				CLANG_WARN_UNGUARDED_AVAILABILITY = YES_AGGRESSIVE;
				CLANG_WARN_UNREACHABLE_CODE = YES;
				CLANG_WARN__DUPLICATE_METHOD_MATCH = YES;
				CODE_SIGN_IDENTITY = "iPhone Developer";
				COPY_PHASE_STRIP = NO;
				DEBUG_INFORMATION_FORMAT = dwarf;
				ENABLE_STRICT_OBJC_MSGSEND = YES;
				ENABLE_TESTABILITY = YES;
				GCC_C_LANGUAGE_STANDARD = gnu11;
				GCC_DYNAMIC_NO_PIC = NO;
				GCC_NO_COMMON_BLOCKS = YES;
				GCC_OPTIMIZATION_LEVEL = 0;
				GCC_PREPROCESSOR_DEFINITIONS = (
					"DEBUG=1",
					"$(inherited)",
				);
				GCC_WARN_64_TO_32_BIT_CONVERSION = YES;
				GCC_WARN_ABOUT_RETURN_TYPE = YES_ERROR;
				GCC_WARN_UNDECLARED_SELECTOR = YES;
				GCC_WARN_UNINITIALIZED_AUTOS = YES_AGGRESSIVE;
				GCC_WARN_UNUSED_FUNCTION = YES;
				GCC_WARN_UNUSED_VARIABLE = YES;
				IPHONEOS_DEPLOYMENT_TARGET = 12.2;
				MTL_ENABLE_DEBUG_INFO = INCLUDE_SOURCE;
				MTL_FAST_MATH = YES;
				ONLY_ACTIVE_ARCH = YES;
				SDKROOT = iphoneos;
				SWIFT_ACTIVE_COMPILATION_CONDITIONS = DEBUG;
				SWIFT_OPTIMIZATION_LEVEL = "-Onone";
			};
			name = Debug;
		};
		7FADEB08228AF10F009C0A4F /* Release */ = {
			isa = XCBuildConfiguration;
			buildSettings = {
				ALWAYS_SEARCH_USER_PATHS = NO;
				CLANG_ANALYZER_NONNULL = YES;
				CLANG_ANALYZER_NUMBER_OBJECT_CONVERSION = YES_AGGRESSIVE;
				CLANG_CXX_LANGUAGE_STANDARD = "gnu++14";
				CLANG_CXX_LIBRARY = "libc++";
				CLANG_ENABLE_MODULES = YES;
				CLANG_ENABLE_OBJC_ARC = YES;
				CLANG_ENABLE_OBJC_WEAK = YES;
				CLANG_WARN_BLOCK_CAPTURE_AUTORELEASING = YES;
				CLANG_WARN_BOOL_CONVERSION = YES;
				CLANG_WARN_COMMA = YES;
				CLANG_WARN_CONSTANT_CONVERSION = YES;
				CLANG_WARN_DEPRECATED_OBJC_IMPLEMENTATIONS = YES;
				CLANG_WARN_DIRECT_OBJC_ISA_USAGE = YES_ERROR;
				CLANG_WARN_DOCUMENTATION_COMMENTS = YES;
				CLANG_WARN_EMPTY_BODY = YES;
				CLANG_WARN_ENUM_CONVERSION = YES;
				CLANG_WARN_INFINITE_RECURSION = YES;
				CLANG_WARN_INT_CONVERSION = YES;
				CLANG_WARN_NON_LITERAL_NULL_CONVERSION = YES;
				CLANG_WARN_OBJC_IMPLICIT_RETAIN_SELF = YES;
				CLANG_WARN_OBJC_LITERAL_CONVERSION = YES;
				CLANG_WARN_OBJC_ROOT_CLASS = YES_ERROR;
				CLANG_WARN_RANGE_LOOP_ANALYSIS = YES;
				CLANG_WARN_STRICT_PROTOTYPES = YES;
				CLANG_WARN_SUSPICIOUS_MOVE = YES;
				CLANG_WARN_UNGUARDED_AVAILABILITY = YES_AGGRESSIVE;
				CLANG_WARN_UNREACHABLE_CODE = YES;
				CLANG_WARN__DUPLICATE_METHOD_MATCH = YES;
				CODE_SIGN_IDENTITY = "iPhone Developer";
				COPY_PHASE_STRIP = NO;
				DEBUG_INFORMATION_FORMAT = "dwarf-with-dsym";
				ENABLE_NS_ASSERTIONS = NO;
				ENABLE_STRICT_OBJC_MSGSEND = YES;
				GCC_C_LANGUAGE_STANDARD = gnu11;
				GCC_NO_COMMON_BLOCKS = YES;
				GCC_WARN_64_TO_32_BIT_CONVERSION = YES;
				GCC_WARN_ABOUT_RETURN_TYPE = YES_ERROR;
				GCC_WARN_UNDECLARED_SELECTOR = YES;
				GCC_WARN_UNINITIALIZED_AUTOS = YES_AGGRESSIVE;
				GCC_WARN_UNUSED_FUNCTION = YES;
				GCC_WARN_UNUSED_VARIABLE = YES;
				IPHONEOS_DEPLOYMENT_TARGET = 12.2;
				MTL_ENABLE_DEBUG_INFO = NO;
				MTL_FAST_MATH = YES;
				SDKROOT = iphoneos;
				SWIFT_COMPILATION_MODE = wholemodule;
				SWIFT_OPTIMIZATION_LEVEL = "-O";
				VALIDATE_PRODUCT = YES;
			};
			name = Release;
		};
		7FADEB0A228AF10F009C0A4F /* Debug */ = {
			isa = XCBuildConfiguration;
			buildSettings = {
				ASSETCATALOG_COMPILER_APPICON_NAME = AppIcon;
				CODE_SIGN_STYLE = Automatic;
				INFOPLIST_FILE = "36-38_swifty_words/Info.plist";
				LD_RUNPATH_SEARCH_PATHS = (
					"$(inherited)",
					"@executable_path/Frameworks",
				);
				PRODUCT_BUNDLE_IDENTIFIER = "accenture.-6-38-swifty-words";
				PRODUCT_NAME = "$(TARGET_NAME)";
				SWIFT_VERSION = 5.0;
				TARGETED_DEVICE_FAMILY = 2;
			};
			name = Debug;
		};
		7FADEB0B228AF10F009C0A4F /* Release */ = {
			isa = XCBuildConfiguration;
			buildSettings = {
				ASSETCATALOG_COMPILER_APPICON_NAME = AppIcon;
				CODE_SIGN_STYLE = Automatic;
				INFOPLIST_FILE = "36-38_swifty_words/Info.plist";
				LD_RUNPATH_SEARCH_PATHS = (
					"$(inherited)",
					"@executable_path/Frameworks",
				);
				PRODUCT_BUNDLE_IDENTIFIER = "accenture.-6-38-swifty-words";
				PRODUCT_NAME = "$(TARGET_NAME)";
				SWIFT_VERSION = 5.0;
				TARGETED_DEVICE_FAMILY = 2;
			};
			name = Release;
		};
/* End XCBuildConfiguration section */

/* Begin XCConfigurationList section */
		7FADEAF2228AF10D009C0A4F /* Build configuration list for PBXProject "36-38_swifty_words" */ = {
			isa = XCConfigurationList;
			buildConfigurations = (
				7FADEB07228AF10F009C0A4F /* Debug */,
				7FADEB08228AF10F009C0A4F /* Release */,
			);
			defaultConfigurationIsVisible = 0;
			defaultConfigurationName = Release;
		};
		7FADEB09228AF10F009C0A4F /* Build configuration list for PBXNativeTarget "36-38_swifty_words" */ = {
			isa = XCConfigurationList;
			buildConfigurations = (
				7FADEB0A228AF10F009C0A4F /* Debug */,
				7FADEB0B228AF10F009C0A4F /* Release */,
			);
			defaultConfigurationIsVisible = 0;
			defaultConfigurationName = Release;
		};
/* End XCConfigurationList section */
	};
	rootObject = 7FADEAEF228AF10D009C0A4F /* Project object */;
}
